// !$*UTF8*$!
{
	archiveVersion = 1;
	classes = {
	};
	objectVersion = 46;
	objects = {

/* Begin PBXBuildFile section */
		1700F6471F5F9E7A00E6B4F4 /* CodeScan.bundle in Resources */ = {isa = PBXBuildFile; fileRef = 1700F63F1F5F9E7A00E6B4F4 /* CodeScan.bundle */; };
		1700F6481F5F9E7A00E6B4F4 /* LBXPermissions.swift in Sources */ = {isa = PBXBuildFile; fileRef = 1700F6401F5F9E7A00E6B4F4 /* LBXPermissions.swift */; };
		1700F6491F5F9E7A00E6B4F4 /* LBXScanLineAnimation.swift in Sources */ = {isa = PBXBuildFile; fileRef = 1700F6411F5F9E7A00E6B4F4 /* LBXScanLineAnimation.swift */; };
		1700F64A1F5F9E7A00E6B4F4 /* LBXScanNetAnimation.swift in Sources */ = {isa = PBXBuildFile; fileRef = 1700F6421F5F9E7A00E6B4F4 /* LBXScanNetAnimation.swift */; };
		1700F64B1F5F9E7A00E6B4F4 /* LBXScanView.swift in Sources */ = {isa = PBXBuildFile; fileRef = 1700F6431F5F9E7A00E6B4F4 /* LBXScanView.swift */; };
		1700F64C1F5F9E7A00E6B4F4 /* LBXScanViewController.swift in Sources */ = {isa = PBXBuildFile; fileRef = 1700F6441F5F9E7A00E6B4F4 /* LBXScanViewController.swift */; };
		1700F64D1F5F9E7A00E6B4F4 /* LBXScanViewStyle.swift in Sources */ = {isa = PBXBuildFile; fileRef = 1700F6451F5F9E7A00E6B4F4 /* LBXScanViewStyle.swift */; };
		1700F64E1F5F9E7A00E6B4F4 /* LBXScanWrapper.swift in Sources */ = {isa = PBXBuildFile; fileRef = 1700F6461F5F9E7A00E6B4F4 /* LBXScanWrapper.swift */; };
		1700F6501F5FA10300E6B4F4 /* ScanQRCodeTool.swift in Sources */ = {isa = PBXBuildFile; fileRef = 1700F64F1F5FA10300E6B4F4 /* ScanQRCodeTool.swift */; };
		1726D2EE1F581CFD00146F42 /* AppDelegate.swift in Sources */ = {isa = PBXBuildFile; fileRef = 1726D2ED1F581CFD00146F42 /* AppDelegate.swift */; };
		1726D2F01F581CFD00146F42 /* ViewController.swift in Sources */ = {isa = PBXBuildFile; fileRef = 1726D2EF1F581CFD00146F42 /* ViewController.swift */; };
		1726D2F31F581CFD00146F42 /* Main.storyboard in Resources */ = {isa = PBXBuildFile; fileRef = 1726D2F11F581CFD00146F42 /* Main.storyboard */; };
		1726D2F51F581CFD00146F42 /* Assets.xcassets in Resources */ = {isa = PBXBuildFile; fileRef = 1726D2F41F581CFD00146F42 /* Assets.xcassets */; };
		1726D2F81F581CFD00146F42 /* LaunchScreen.storyboard in Resources */ = {isa = PBXBuildFile; fileRef = 1726D2F61F581CFD00146F42 /* LaunchScreen.storyboard */; };
/* End PBXBuildFile section */

/* Begin PBXFileReference section */
		1700F63F1F5F9E7A00E6B4F4 /* CodeScan.bundle */ = {isa = PBXFileReference; lastKnownFileType = "wrapper.plug-in"; path = CodeScan.bundle; sourceTree = "<group>"; };
		1700F6401F5F9E7A00E6B4F4 /* LBXPermissions.swift */ = {isa = PBXFileReference; fileEncoding = 4; lastKnownFileType = sourcecode.swift; path = LBXPermissions.swift; sourceTree = "<group>"; };
		1700F6411F5F9E7A00E6B4F4 /* LBXScanLineAnimation.swift */ = {isa = PBXFileReference; fileEncoding = 4; lastKnownFileType = sourcecode.swift; path = LBXScanLineAnimation.swift; sourceTree = "<group>"; };
		1700F6421F5F9E7A00E6B4F4 /* LBXScanNetAnimation.swift */ = {isa = PBXFileReference; fileEncoding = 4; lastKnownFileType = sourcecode.swift; path = LBXScanNetAnimation.swift; sourceTree = "<group>"; };
		1700F6431F5F9E7A00E6B4F4 /* LBXScanView.swift */ = {isa = PBXFileReference; fileEncoding = 4; lastKnownFileType = sourcecode.swift; path = LBXScanView.swift; sourceTree = "<group>"; };
		1700F6441F5F9E7A00E6B4F4 /* LBXScanViewController.swift */ = {isa = PBXFileReference; fileEncoding = 4; lastKnownFileType = sourcecode.swift; path = LBXScanViewController.swift; sourceTree = "<group>"; };
		1700F6451F5F9E7A00E6B4F4 /* LBXScanViewStyle.swift */ = {isa = PBXFileReference; fileEncoding = 4; lastKnownFileType = sourcecode.swift; path = LBXScanViewStyle.swift; sourceTree = "<group>"; };
		1700F6461F5F9E7A00E6B4F4 /* LBXScanWrapper.swift */ = {isa = PBXFileReference; fileEncoding = 4; lastKnownFileType = sourcecode.swift; path = LBXScanWrapper.swift; sourceTree = "<group>"; };
		1700F64F1F5FA10300E6B4F4 /* ScanQRCodeTool.swift */ = {isa = PBXFileReference; fileEncoding = 4; lastKnownFileType = sourcecode.swift; path = ScanQRCodeTool.swift; sourceTree = "<group>"; };
		1726D2EA1F581CFD00146F42 /* TestVSM.app */ = {isa = PBXFileReference; explicitFileType = wrapper.application; includeInIndex = 0; path = TestVSM.app; sourceTree = BUILT_PRODUCTS_DIR; };
		1726D2ED1F581CFD00146F42 /* AppDelegate.swift */ = {isa = PBXFileReference; lastKnownFileType = sourcecode.swift; path = AppDelegate.swift; sourceTree = "<group>"; };
		1726D2EF1F581CFD00146F42 /* ViewController.swift */ = {isa = PBXFileReference; lastKnownFileType = sourcecode.swift; path = ViewController.swift; sourceTree = "<group>"; };
		1726D2F21F581CFD00146F42 /* Base */ = {isa = PBXFileReference; lastKnownFileType = file.storyboard; name = Base; path = Base.lproj/Main.storyboard; sourceTree = "<group>"; };
		1726D2F41F581CFD00146F42 /* Assets.xcassets */ = {isa = PBXFileReference; lastKnownFileType = folder.assetcatalog; path = Assets.xcassets; sourceTree = "<group>"; };
		1726D2F71F581CFD00146F42 /* Base */ = {isa = PBXFileReference; lastKnownFileType = file.storyboard; name = Base; path = Base.lproj/LaunchScreen.storyboard; sourceTree = "<group>"; };
		1726D2F91F581CFD00146F42 /* Info.plist */ = {isa = PBXFileReference; lastKnownFileType = text.plist.xml; path = Info.plist; sourceTree = "<group>"; };
/* End PBXFileReference section */

/* Begin PBXFrameworksBuildPhase section */
		1726D2E71F581CFD00146F42 /* Frameworks */ = {
			isa = PBXFrameworksBuildPhase;
			buildActionMask = 2147483647;
			files = (
			);
			runOnlyForDeploymentPostprocessing = 0;
		};
/* End PBXFrameworksBuildPhase section */

/* Begin PBXGroup section */
		1700F63E1F5F9E7A00E6B4F4 /* SwiftScan */ = {
			isa = PBXGroup;
			children = (
				1700F64F1F5FA10300E6B4F4 /* ScanQRCodeTool.swift */,
				1700F63F1F5F9E7A00E6B4F4 /* CodeScan.bundle */,
				1700F6401F5F9E7A00E6B4F4 /* LBXPermissions.swift */,
				1700F6411F5F9E7A00E6B4F4 /* LBXScanLineAnimation.swift */,
				1700F6421F5F9E7A00E6B4F4 /* LBXScanNetAnimation.swift */,
				1700F6431F5F9E7A00E6B4F4 /* LBXScanView.swift */,
				1700F6441F5F9E7A00E6B4F4 /* LBXScanViewController.swift */,
				1700F6451F5F9E7A00E6B4F4 /* LBXScanViewStyle.swift */,
				1700F6461F5F9E7A00E6B4F4 /* LBXScanWrapper.swift */,
			);
			path = SwiftScan;
			sourceTree = "<group>";
		};
		1726D2E11F581CFD00146F42 = {
			isa = PBXGroup;
			children = (
				1726D2EC1F581CFD00146F42 /* TestVSM */,
				1726D2EB1F581CFD00146F42 /* Products */,
			);
			sourceTree = "<group>";
		};
		1726D2EB1F581CFD00146F42 /* Products */ = {
			isa = PBXGroup;
			children = (
				1726D2EA1F581CFD00146F42 /* TestVSM.app */,
			);
			name = Products;
			sourceTree = "<group>";
		};
		1726D2EC1F581CFD00146F42 /* TestVSM */ = {
			isa = PBXGroup;
			children = (
				1700F63E1F5F9E7A00E6B4F4 /* SwiftScan */,
				1726D2ED1F581CFD00146F42 /* AppDelegate.swift */,
				1726D2EF1F581CFD00146F42 /* ViewController.swift */,
				1726D2F11F581CFD00146F42 /* Main.storyboard */,
				1726D2F41F581CFD00146F42 /* Assets.xcassets */,
				1726D2F61F581CFD00146F42 /* LaunchScreen.storyboard */,
				1726D2F91F581CFD00146F42 /* Info.plist */,
			);
			path = TestVSM;
			sourceTree = "<group>";
		};
/* End PBXGroup section */

/* Begin PBXNativeTarget section */
		1726D2E91F581CFD00146F42 /* TestVSM */ = {
			isa = PBXNativeTarget;
			buildConfigurationList = 1726D2FC1F581CFD00146F42 /* Build configuration list for PBXNativeTarget "TestVSM" */;
			buildPhases = (
				1726D2E61F581CFD00146F42 /* Sources */,
				1726D2E71F581CFD00146F42 /* Frameworks */,
				1726D2E81F581CFD00146F42 /* Resources */,
			);
			buildRules = (
			);
			dependencies = (
			);
			name = TestVSM;
			productName = TestVSM;
			productReference = 1726D2EA1F581CFD00146F42 /* TestVSM.app */;
			productType = "com.apple.product-type.application";
		};
/* End PBXNativeTarget section */

/* Begin PBXProject section */
		1726D2E21F581CFD00146F42 /* Project object */ = {
			isa = PBXProject;
			attributes = {
				LastSwiftUpdateCheck = 0830;
				LastUpgradeCheck = 0830;
				ORGANIZATIONNAME = jingzhiwei;
				TargetAttributes = {
					1726D2E91F581CFD00146F42 = {
						CreatedOnToolsVersion = 8.3.3;
						DevelopmentTeam = 8982T47U8J;
						ProvisioningStyle = Automatic;
					};
				};
			};
			buildConfigurationList = 1726D2E51F581CFD00146F42 /* Build configuration list for PBXProject "TestVSM" */;
			compatibilityVersion = "Xcode 3.2";
			developmentRegion = English;
			hasScannedForEncodings = 0;
			knownRegions = (
				en,
				Base,
			);
			mainGroup = 1726D2E11F581CFD00146F42;
			productRefGroup = 1726D2EB1F581CFD00146F42 /* Products */;
			projectDirPath = "";
			projectRoot = "";
			targets = (
				1726D2E91F581CFD00146F42 /* TestVSM */,
			);
		};
/* End PBXProject section */

/* Begin PBXResourcesBuildPhase section */
		1726D2E81F581CFD00146F42 /* Resources */ = {
			isa = PBXResourcesBuildPhase;
			buildActionMask = 2147483647;
			files = (
				1726D2F81F581CFD00146F42 /* LaunchScreen.storyboard in Resources */,
				1726D2F51F581CFD00146F42 /* Assets.xcassets in Resources */,
				1726D2F31F581CFD00146F42 /* Main.storyboard in Resources */,
				1700F6471F5F9E7A00E6B4F4 /* CodeScan.bundle in Resources */,
			);
			runOnlyForDeploymentPostprocessing = 0;
		};
/* End PBXResourcesBuildPhase section */

/* Begin PBXSourcesBuildPhase section */
		1726D2E61F581CFD00146F42 /* Sources */ = {
			isa = PBXSourcesBuildPhase;
			buildActionMask = 2147483647;
			files = (
				1700F64D1F5F9E7A00E6B4F4 /* LBXScanViewStyle.swift in Sources */,
				1700F6491F5F9E7A00E6B4F4 /* LBXScanLineAnimation.swift in Sources */,
				1700F64A1F5F9E7A00E6B4F4 /* LBXScanNetAnimation.swift in Sources */,
				1726D2F01F581CFD00146F42 /* ViewController.swift in Sources */,
				1700F64E1F5F9E7A00E6B4F4 /* LBXScanWrapper.swift in Sources */,
				1700F6481F5F9E7A00E6B4F4 /* LBXPermissions.swift in Sources */,
				1700F6501F5FA10300E6B4F4 /* ScanQRCodeTool.swift in Sources */,
				1700F64B1F5F9E7A00E6B4F4 /* LBXScanView.swift in Sources */,
				1726D2EE1F581CFD00146F42 /* AppDelegate.swift in Sources */,
				1700F64C1F5F9E7A00E6B4F4 /* LBXScanViewController.swift in Sources */,
			);
			runOnlyForDeploymentPostprocessing = 0;
		};
/* End PBXSourcesBuildPhase section */

/* Begin PBXVariantGroup section */
		1726D2F11F581CFD00146F42 /* Main.storyboard */ = {
			isa = PBXVariantGroup;
			children = (
				1726D2F21F581CFD00146F42 /* Base */,
			);
			name = Main.storyboard;
			sourceTree = "<group>";
		};
		1726D2F61F581CFD00146F42 /* LaunchScreen.storyboard */ = {
			isa = PBXVariantGroup;
			children = (
				1726D2F71F581CFD00146F42 /* Base */,
			);
			name = LaunchScreen.storyboard;
			sourceTree = "<group>";
		};
/* End PBXVariantGroup section */

/* Begin XCBuildConfiguration section */
		1726D2FA1F581CFD00146F42 /* Debug */ = {
			isa = XCBuildConfiguration;
			buildSettings = {
				ALWAYS_SEARCH_USER_PATHS = NO;
				CLANG_ANALYZER_NONNULL = YES;
				CLANG_ANALYZER_NUMBER_OBJECT_CONVERSION = YES_AGGRESSIVE;
				CLANG_CXX_LANGUAGE_STANDARD = "gnu++0x";
				CLANG_CXX_LIBRARY = "libc++";
				CLANG_ENABLE_MODULES = YES;
				CLANG_ENABLE_OBJC_ARC = YES;
				CLANG_WARN_BOOL_CONVERSION = YES;
				CLANG_WARN_CONSTANT_CONVERSION = YES;
				CLANG_WARN_DIRECT_OBJC_ISA_USAGE = YES_ERROR;
				CLANG_WARN_DOCUMENTATION_COMMENTS = YES;
				CLANG_WARN_EMPTY_BODY = YES;
				CLANG_WARN_ENUM_CONVERSION = YES;
				CLANG_WARN_INFINITE_RECURSION = YES;
				CLANG_WARN_INT_CONVERSION = YES;
				CLANG_WARN_OBJC_ROOT_CLASS = YES_ERROR;
				CLANG_WARN_SUSPICIOUS_MOVE = YES;
				CLANG_WARN_UNREACHABLE_CODE = YES;
				CLANG_WARN__DUPLICATE_METHOD_MATCH = YES;
				"CODE_SIGN_IDENTITY[sdk=iphoneos*]" = "iPhone Developer";
				COPY_PHASE_STRIP = NO;
				DEBUG_INFORMATION_FORMAT = dwarf;
				ENABLE_STRICT_OBJC_MSGSEND = YES;
				ENABLE_TESTABILITY = YES;
				GCC_C_LANGUAGE_STANDARD = gnu99;
				GCC_DYNAMIC_NO_PIC = NO;
				GCC_NO_COMMON_BLOCKS = YES;
				GCC_OPTIMIZATION_LEVEL = 0;
				GCC_PREPROCESSOR_DEFINITIONS = (
					"DEBUG=1",
					"$(inherited)",
				);
				GCC_WARN_64_TO_32_BIT_CONVERSION = YES;
				GCC_WARN_ABOUT_RETURN_TYPE = YES_ERROR;
				GCC_WARN_UNDECLARED_SELECTOR = YES;
				GCC_WARN_UNINITIALIZED_AUTOS = YES_AGGRESSIVE;
				GCC_WARN_UNUSED_FUNCTION = YES;
				GCC_WARN_UNUSED_VARIABLE = YES;
				IPHONEOS_DEPLOYMENT_TARGET = 10.3;
				MTL_ENABLE_DEBUG_INFO = YES;
				ONLY_ACTIVE_ARCH = YES;
				SDKROOT = iphoneos;
				SWIFT_ACTIVE_COMPILATION_CONDITIONS = DEBUG;
				SWIFT_OPTIMIZATION_LEVEL = "-Onone";
				TARGETED_DEVICE_FAMILY = "1,2";
			};
			name = Debug;
		};
		1726D2FB1F581CFD00146F42 /* Release */ = {
			isa = XCBuildConfiguration;
			buildSettings = {
				ALWAYS_SEARCH_USER_PATHS = NO;
				CLANG_ANALYZER_NONNULL = YES;
				CLANG_ANALYZER_NUMBER_OBJECT_CONVERSION = YES_AGGRESSIVE;
				CLANG_CXX_LANGUAGE_STANDARD = "gnu++0x";
				CLANG_CXX_LIBRARY = "libc++";
				CLANG_ENABLE_MODULES = YES;
				CLANG_ENABLE_OBJC_ARC = YES;
				CLANG_WARN_BOOL_CONVERSION = YES;
				CLANG_WARN_CONSTANT_CONVERSION = YES;
				CLANG_WARN_DIRECT_OBJC_ISA_USAGE = YES_ERROR;
				CLANG_WARN_DOCUMENTATION_COMMENTS = YES;
				CLANG_WARN_EMPTY_BODY = YES;
				CLANG_WARN_ENUM_CONVERSION = YES;
				CLANG_WARN_INFINITE_RECURSION = YES;
				CLANG_WARN_INT_CONVERSION = YES;
				CLANG_WARN_OBJC_ROOT_CLASS = YES_ERROR;
				CLANG_WARN_SUSPICIOUS_MOVE = YES;
				CLANG_WARN_UNREACHABLE_CODE = YES;
				CLANG_WARN__DUPLICATE_METHOD_MATCH = YES;
				"CODE_SIGN_IDENTITY[sdk=iphoneos*]" = "iPhone Developer";
				COPY_PHASE_STRIP = NO;
				DEBUG_INFORMATION_FORMAT = "dwarf-with-dsym";
				ENABLE_NS_ASSERTIONS = NO;
				ENABLE_STRICT_OBJC_MSGSEND = YES;
				GCC_C_LANGUAGE_STANDARD = gnu99;
				GCC_NO_COMMON_BLOCKS = YES;
				GCC_WARN_64_TO_32_BIT_CONVERSION = YES;
				GCC_WARN_ABOUT_RETURN_TYPE = YES_ERROR;
				GCC_WARN_UNDECLARED_SELECTOR = YES;
				GCC_WARN_UNINITIALIZED_AUTOS = YES_AGGRESSIVE;
				GCC_WARN_UNUSED_FUNCTION = YES;
				GCC_WARN_UNUSED_VARIABLE = YES;
				IPHONEOS_DEPLOYMENT_TARGET = 10.3;
				MTL_ENABLE_DEBUG_INFO = NO;
				SDKROOT = iphoneos;
				SWIFT_OPTIMIZATION_LEVEL = "-Owholemodule";
				TARGETED_DEVICE_FAMILY = "1,2";
				VALIDATE_PRODUCT = YES;
			};
			name = Release;
		};
		1726D2FD1F581CFD00146F42 /* Debug */ = {
			isa = XCBuildConfiguration;
			buildSettings = {
				ASSETCATALOG_COMPILER_APPICON_NAME = AppIcon;
				DEVELOPMENT_TEAM = 8982T47U8J;
				INFOPLIST_FILE = TestVSM/Info.plist;
				LD_RUNPATH_SEARCH_PATHS = "$(inherited) @executable_path/Frameworks";
				PRODUCT_BUNDLE_IDENTIFIER = com.jing.TestVSM;
				PRODUCT_NAME = "$(TARGET_NAME)";
				SWIFT_VERSION = 3.0;
			};
			name = Debug;
		};
		1726D2FE1F581CFD00146F42 /* Release */ = {
			isa = XCBuildConfiguration;
			buildSettings = {
				ASSETCATALOG_COMPILER_APPICON_NAME = AppIcon;
				DEVELOPMENT_TEAM = 8982T47U8J;
				INFOPLIST_FILE = TestVSM/Info.plist;
				LD_RUNPATH_SEARCH_PATHS = "$(inherited) @executable_path/Frameworks";
				PRODUCT_BUNDLE_IDENTIFIER = com.jing.TestVSM;
				PRODUCT_NAME = "$(TARGET_NAME)";
				SWIFT_VERSION = 3.0;
			};
			name = Release;
		};
/* End XCBuildConfiguration section */

/* Begin XCConfigurationList section */
		1726D2E51F581CFD00146F42 /* Build configuration list for PBXProject "TestVSM" */ = {
			isa = XCConfigurationList;
			buildConfigurations = (
				1726D2FA1F581CFD00146F42 /* Debug */,
				1726D2FB1F581CFD00146F42 /* Release */,
			);
			defaultConfigurationIsVisible = 0;
			defaultConfigurationName = Release;
		};
		1726D2FC1F581CFD00146F42 /* Build configuration list for PBXNativeTarget "TestVSM" */ = {
			isa = XCConfigurationList;
			buildConfigurations = (
				1726D2FD1F581CFD00146F42 /* Debug */,
				1726D2FE1F581CFD00146F42 /* Release */,
			);
			defaultConfigurationIsVisible = 0;
			defaultConfigurationName = Release;
		};
/* End XCConfigurationList section */
	};
	rootObject = 1726D2E21F581CFD00146F42 /* Project object */;
}
